
Microsoft Visual Studio Solution File, Format Version 12.00
# Visual Studio Version 16
VisualStudioVersion = 16.0.34601.136
MinimumVisualStudioVersion = 10.0.40219.1
Project("{888888A0-9F3D-457C-B088-3A5042F75D52}") = "lab8demoCode", "lab8demoCode\lab8demoCode.pyproj", "{DD67D81E-3442-4241-9988-B62C160B58DC}"
EndProject
Global
	GlobalSection(SolutionConfigurationPlatforms) = preSolution
		Debug|Any CPU = Debug|Any CPU
		Release|Any CPU = Release|Any CPU
	EndGlobalSection
	GlobalSection(ProjectConfigurationPlatforms) = postSolution
		{DD67D81E-3442-4241-9988-B62C160B58DC}.Debug|Any CPU.ActiveCfg = Debug|Any CPU
		{DD67D81E-3442-4241-9988-B62C160B58DC}.Release|Any CPU.ActiveCfg = Release|Any CPU
	EndGlobalSection
	GlobalSection(SolutionProperties) = preSolution
		HideSolutionNode = FALSE
	EndGlobalSection
	GlobalSection(ExtensibilityGlobals) = postSolution
		SolutionGuid = {448A3E7B-C63E-449F-9ACD-831C0FB0C882}
	EndGlobalSection
EndGlobal
